# This file is automatically @generated by Cargo.
# It is not intended for manual editing.
version = 4

[[package]]
name = "lifetimes"
version = "0.1.0"

[[package]]
name = "partial_borowing"
version = "0.1.0"
dependencies = [
 "self_cell",
]

[[package]]
name = "self_cell"
version = "1.2.1"
source = "registry+https://github.com/rust-lang/crates.io-index"
checksum = "16c2f82143577edb4921b71ede051dac62ca3c16084e918bf7b40c96ae10eb33"
